
Microsoft Visual Studio Solution File, Format Version 12.00
Project("{FAE04EC0-301F-11D3-BF4B-00C04F79EFBC}") = "Warbud.Users", "Warbud.Users\Warbud.Users.csproj", "{08BCE828-E08A-43DA-86DE-1C94B06477A7}"
EndProject
Project("{FAE04EC0-301F-11D3-BF4B-00C04F79EFBC}") = "Warbud.Users.Database", "Warbud.Users.Database\Warbud.Users.Database.csproj", "{CCAB3FA8-C282-4DA0-916E-DE27FB9D8AAB}"
EndProject
Project("{FAE04EC0-301F-11D3-BF4B-00C04F79EFBC}") = "Warbud.Users.Infrastructure", "Warbud.Users.Infrastructure\Warbud.Users.Infrastructure.csproj", "{B9700B0B-0092-48D0-A222-71EE3355EB78}"
EndProject
Project("{FAE04EC0-301F-11D3-BF4B-00C04F79EFBC}") = "Warbud.Users.Types", "Warbud.Users.Types\Warbud.Users.Types.csproj", "{303FB1F0-3F95-47C6-A09C-B98B058D8152}"
EndProject
Project("{FAE04EC0-301F-11D3-BF4B-00C04F79EFBC}") = "Warbud.ReverseProxy", "Warbud.ReverseProxy\Warbud.ReverseProxy.csproj", "{4E841743-BF19-4472-B438-3EBC12ECCD5A}"
EndProject
Project("{FAE04EC0-301F-11D3-BF4B-00C04F79EFBC}") = "Warbud.Tests", "Warbud.Tests\Warbud.Tests.csproj", "{F3F00990-2AD0-41E5-B117-ABA149C137BD}"
EndProject
Project("{FAE04EC0-301F-11D3-BF4B-00C04F79EFBC}") = "Warbud.Shared", "Warbud.Shared\Warbud.Shared.csproj", "{93D4845C-26D3-4ED7-9F3C-CF60BB42B736}"
EndProject
Project("{FAE04EC0-301F-11D3-BF4B-00C04F79EFBC}") = "Warbud.MediatR", "Warbud.MediatR\Warbud.MediatR.csproj", "{BD3BD2D9-80FC-4BC2-8013-A0E5FCA21C58}"
EndProject
Project("{FAE04EC0-301F-11D3-BF4B-00C04F79EFBC}") = "Warbud.Projects", "Warbud.Projects\Warbud.Projects.csproj", "{F8D94CCE-FB79-4BC4-9C56-91C8A19E9E43}"
EndProject
Project("{FAE04EC0-301F-11D3-BF4B-00C04F79EFBC}") = "Warbud.Projects.Database", "Warbud.Projects.Database\Warbud.Projects.Database.csproj", "{6DAD3258-1C17-4FA8-BC03-74801DD485B4}"
EndProject
Project("{FAE04EC0-301F-11D3-BF4B-00C04F79EFBC}") = "Warbud.Projects.Infrastructure", "Warbud.Projects.Infrastructure\Warbud.Projects.Infrastructure.csproj", "{5F15D9B7-B217-4380-AC77-AED982D06ECC}"
EndProject
Project("{FAE04EC0-301F-11D3-BF4B-00C04F79EFBC}") = "Warbud.Revit.Update", "Warbud.Revit.Update\Warbud.Revit.Update.csproj", "{744FE5B8-99FE-47C1-A315-385BE3726589}"
EndProject
Global
	GlobalSection(SolutionConfigurationPlatforms) = preSolution
		Debug|Any CPU = Debug|Any CPU
		Release|Any CPU = Release|Any CPU
	EndGlobalSection
	GlobalSection(ProjectConfigurationPlatforms) = postSolution
		{08BCE828-E08A-43DA-86DE-1C94B06477A7}.Debug|Any CPU.ActiveCfg = Debug|Any CPU
		{08BCE828-E08A-43DA-86DE-1C94B06477A7}.Debug|Any CPU.Build.0 = Debug|Any CPU
		{08BCE828-E08A-43DA-86DE-1C94B06477A7}.Release|Any CPU.ActiveCfg = Release|Any CPU
		{08BCE828-E08A-43DA-86DE-1C94B06477A7}.Release|Any CPU.Build.0 = Release|Any CPU
		{CCAB3FA8-C282-4DA0-916E-DE27FB9D8AAB}.Debug|Any CPU.ActiveCfg = Debug|Any CPU
		{CCAB3FA8-C282-4DA0-916E-DE27FB9D8AAB}.Debug|Any CPU.Build.0 = Debug|Any CPU
		{CCAB3FA8-C282-4DA0-916E-DE27FB9D8AAB}.Release|Any CPU.ActiveCfg = Release|Any CPU
		{CCAB3FA8-C282-4DA0-916E-DE27FB9D8AAB}.Release|Any CPU.Build.0 = Release|Any CPU
		{B9700B0B-0092-48D0-A222-71EE3355EB78}.Debug|Any CPU.ActiveCfg = Debug|Any CPU
		{B9700B0B-0092-48D0-A222-71EE3355EB78}.Debug|Any CPU.Build.0 = Debug|Any CPU
		{B9700B0B-0092-48D0-A222-71EE3355EB78}.Release|Any CPU.ActiveCfg = Release|Any CPU
		{B9700B0B-0092-48D0-A222-71EE3355EB78}.Release|Any CPU.Build.0 = Release|Any CPU
		{303FB1F0-3F95-47C6-A09C-B98B058D8152}.Debug|Any CPU.ActiveCfg = Debug|Any CPU
		{303FB1F0-3F95-47C6-A09C-B98B058D8152}.Debug|Any CPU.Build.0 = Debug|Any CPU
		{303FB1F0-3F95-47C6-A09C-B98B058D8152}.Release|Any CPU.ActiveCfg = Release|Any CPU
		{303FB1F0-3F95-47C6-A09C-B98B058D8152}.Release|Any CPU.Build.0 = Release|Any CPU
		{4E841743-BF19-4472-B438-3EBC12ECCD5A}.Debug|Any CPU.ActiveCfg = Debug|Any CPU
		{4E841743-BF19-4472-B438-3EBC12ECCD5A}.Debug|Any CPU.Build.0 = Debug|Any CPU
		{4E841743-BF19-4472-B438-3EBC12ECCD5A}.Release|Any CPU.ActiveCfg = Release|Any CPU
		{4E841743-BF19-4472-B438-3EBC12ECCD5A}.Release|Any CPU.Build.0 = Release|Any CPU
		{F3F00990-2AD0-41E5-B117-ABA149C137BD}.Debug|Any CPU.ActiveCfg = Debug|Any CPU
		{F3F00990-2AD0-41E5-B117-ABA149C137BD}.Debug|Any CPU.Build.0 = Debug|Any CPU
		{F3F00990-2AD0-41E5-B117-ABA149C137BD}.Release|Any CPU.ActiveCfg = Release|Any CPU
		{F3F00990-2AD0-41E5-B117-ABA149C137BD}.Release|Any CPU.Build.0 = Release|Any CPU
		{93D4845C-26D3-4ED7-9F3C-CF60BB42B736}.Debug|Any CPU.ActiveCfg = Debug|Any CPU
		{93D4845C-26D3-4ED7-9F3C-CF60BB42B736}.Debug|Any CPU.Build.0 = Debug|Any CPU
		{93D4845C-26D3-4ED7-9F3C-CF60BB42B736}.Release|Any CPU.ActiveCfg = Release|Any CPU
		{93D4845C-26D3-4ED7-9F3C-CF60BB42B736}.Release|Any CPU.Build.0 = Release|Any CPU
		{BD3BD2D9-80FC-4BC2-8013-A0E5FCA21C58}.Debug|Any CPU.ActiveCfg = Debug|Any CPU
		{BD3BD2D9-80FC-4BC2-8013-A0E5FCA21C58}.Debug|Any CPU.Build.0 = Debug|Any CPU
		{BD3BD2D9-80FC-4BC2-8013-A0E5FCA21C58}.Release|Any CPU.ActiveCfg = Release|Any CPU
		{BD3BD2D9-80FC-4BC2-8013-A0E5FCA21C58}.Release|Any CPU.Build.0 = Release|Any CPU
		{F8D94CCE-FB79-4BC4-9C56-91C8A19E9E43}.Debug|Any CPU.ActiveCfg = Debug|Any CPU
		{F8D94CCE-FB79-4BC4-9C56-91C8A19E9E43}.Debug|Any CPU.Build.0 = Debug|Any CPU
		{F8D94CCE-FB79-4BC4-9C56-91C8A19E9E43}.Release|Any CPU.ActiveCfg = Release|Any CPU
		{F8D94CCE-FB79-4BC4-9C56-91C8A19E9E43}.Release|Any CPU.Build.0 = Release|Any CPU
		{6DAD3258-1C17-4FA8-BC03-74801DD485B4}.Debug|Any CPU.ActiveCfg = Debug|Any CPU
		{6DAD3258-1C17-4FA8-BC03-74801DD485B4}.Debug|Any CPU.Build.0 = Debug|Any CPU
		{6DAD3258-1C17-4FA8-BC03-74801DD485B4}.Release|Any CPU.ActiveCfg = Release|Any CPU
		{6DAD3258-1C17-4FA8-BC03-74801DD485B4}.Release|Any CPU.Build.0 = Release|Any CPU
		{5F15D9B7-B217-4380-AC77-AED982D06ECC}.Debug|Any CPU.ActiveCfg = Debug|Any CPU
		{5F15D9B7-B217-4380-AC77-AED982D06ECC}.Debug|Any CPU.Build.0 = Debug|Any CPU
		{5F15D9B7-B217-4380-AC77-AED982D06ECC}.Release|Any CPU.ActiveCfg = Release|Any CPU
		{5F15D9B7-B217-4380-AC77-AED982D06ECC}.Release|Any CPU.Build.0 = Release|Any CPU
		{744FE5B8-99FE-47C1-A315-385BE3726589}.Debug|Any CPU.ActiveCfg = Debug|Any CPU
		{744FE5B8-99FE-47C1-A315-385BE3726589}.Debug|Any CPU.Build.0 = Debug|Any CPU
		{744FE5B8-99FE-47C1-A315-385BE3726589}.Release|Any CPU.ActiveCfg = Release|Any CPU
		{744FE5B8-99FE-47C1-A315-385BE3726589}.Release|Any CPU.Build.0 = Release|Any CPU
	EndGlobalSection
EndGlobal
